// !$*UTF8*$!
{
	archiveVersion = 1;
	classes = {
	};
	objectVersion = 50;
	objects = {

/* Begin PBXBuildFile section */
		DFAD6DC923F4798600DCC79D /* AppDelegate.swift in Sources */ = {isa = PBXBuildFile; fileRef = DFAD6DC823F4798600DCC79D /* AppDelegate.swift */; };
		DFAD6DCF23F4798600DCC79D /* GameScene.swift in Sources */ = {isa = PBXBuildFile; fileRef = DFAD6DCE23F4798600DCC79D /* GameScene.swift */; };
		DFAD6DD123F4798600DCC79D /* GameViewController.swift in Sources */ = {isa = PBXBuildFile; fileRef = DFAD6DD023F4798600DCC79D /* GameViewController.swift */; };
		DFAD6DD423F4798600DCC79D /* Main.storyboard in Resources */ = {isa = PBXBuildFile; fileRef = DFAD6DD223F4798600DCC79D /* Main.storyboard */; };
		DFAD6DD623F4798800DCC79D /* Assets.xcassets in Resources */ = {isa = PBXBuildFile; fileRef = DFAD6DD523F4798800DCC79D /* Assets.xcassets */; };
		DFAD6DD923F4798800DCC79D /* LaunchScreen.storyboard in Resources */ = {isa = PBXBuildFile; fileRef = DFAD6DD723F4798800DCC79D /* LaunchScreen.storyboard */; };
		DFAD6DE123F47B3F00DCC79D /* Apple.swift in Sources */ = {isa = PBXBuildFile; fileRef = DFAD6DE023F47B3F00DCC79D /* Apple.swift */; };
		DFAD6DE323F47BF200DCC79D /* SnakeBodyPart.swift in Sources */ = {isa = PBXBuildFile; fileRef = DFAD6DE223F47BF200DCC79D /* SnakeBodyPart.swift */; };
		DFAD6DE523F47C2600DCC79D /* SnakeHead.swift in Sources */ = {isa = PBXBuildFile; fileRef = DFAD6DE423F47C2600DCC79D /* SnakeHead.swift */; };
		DFAD6DE723F47C4C00DCC79D /* Snake.swift in Sources */ = {isa = PBXBuildFile; fileRef = DFAD6DE623F47C4C00DCC79D /* Snake.swift */; };
/* End PBXBuildFile section */

/* Begin PBXFileReference section */
		DFAD6DC523F4798600DCC79D /* 8l_PerezhoginNikita.app */ = {isa = PBXFileReference; explicitFileType = wrapper.application; includeInIndex = 0; path = 8l_PerezhoginNikita.app; sourceTree = BUILT_PRODUCTS_DIR; };
		DFAD6DC823F4798600DCC79D /* AppDelegate.swift */ = {isa = PBXFileReference; lastKnownFileType = sourcecode.swift; path = AppDelegate.swift; sourceTree = "<group>"; };
		DFAD6DCE23F4798600DCC79D /* GameScene.swift */ = {isa = PBXFileReference; lastKnownFileType = sourcecode.swift; path = GameScene.swift; sourceTree = "<group>"; };
		DFAD6DD023F4798600DCC79D /* GameViewController.swift */ = {isa = PBXFileReference; lastKnownFileType = sourcecode.swift; path = GameViewController.swift; sourceTree = "<group>"; };
		DFAD6DD323F4798600DCC79D /* Base */ = {isa = PBXFileReference; lastKnownFileType = file.storyboard; name = Base; path = Base.lproj/Main.storyboard; sourceTree = "<group>"; };
		DFAD6DD523F4798800DCC79D /* Assets.xcassets */ = {isa = PBXFileReference; lastKnownFileType = folder.assetcatalog; path = Assets.xcassets; sourceTree = "<group>"; };
		DFAD6DD823F4798800DCC79D /* Base */ = {isa = PBXFileReference; lastKnownFileType = file.storyboard; name = Base; path = Base.lproj/LaunchScreen.storyboard; sourceTree = "<group>"; };
		DFAD6DDA23F4798800DCC79D /* Info.plist */ = {isa = PBXFileReference; lastKnownFileType = text.plist.xml; path = Info.plist; sourceTree = "<group>"; };
		DFAD6DE023F47B3F00DCC79D /* Apple.swift */ = {isa = PBXFileReference; lastKnownFileType = sourcecode.swift; path = Apple.swift; sourceTree = "<group>"; };
		DFAD6DE223F47BF200DCC79D /* SnakeBodyPart.swift */ = {isa = PBXFileReference; lastKnownFileType = sourcecode.swift; path = SnakeBodyPart.swift; sourceTree = "<group>"; };
		DFAD6DE423F47C2600DCC79D /* SnakeHead.swift */ = {isa = PBXFileReference; lastKnownFileType = sourcecode.swift; path = SnakeHead.swift; sourceTree = "<group>"; };
		DFAD6DE623F47C4C00DCC79D /* Snake.swift */ = {isa = PBXFileReference; lastKnownFileType = sourcecode.swift; path = Snake.swift; sourceTree = "<group>"; };
/* End PBXFileReference section */

/* Begin PBXFrameworksBuildPhase section */
		DFAD6DC223F4798600DCC79D /* Frameworks */ = {
			isa = PBXFrameworksBuildPhase;
			buildActionMask = 2147483647;
			files = (
			);
			runOnlyForDeploymentPostprocessing = 0;
		};
/* End PBXFrameworksBuildPhase section */

/* Begin PBXGroup section */
		DFAD6DBC23F4798600DCC79D = {
			isa = PBXGroup;
			children = (
				DFAD6DC723F4798600DCC79D /* 8l_PerezhoginNikita */,
				DFAD6DC623F4798600DCC79D /* Products */,
			);
			sourceTree = "<group>";
		};
		DFAD6DC623F4798600DCC79D /* Products */ = {
			isa = PBXGroup;
			children = (
				DFAD6DC523F4798600DCC79D /* 8l_PerezhoginNikita.app */,
			);
			name = Products;
			sourceTree = "<group>";
		};
		DFAD6DC723F4798600DCC79D /* 8l_PerezhoginNikita */ = {
			isa = PBXGroup;
			children = (
				DFAD6DE023F47B3F00DCC79D /* Apple.swift */,
				DFAD6DE223F47BF200DCC79D /* SnakeBodyPart.swift */,
				DFAD6DE423F47C2600DCC79D /* SnakeHead.swift */,
				DFAD6DE623F47C4C00DCC79D /* Snake.swift */,
				DFAD6DC823F4798600DCC79D /* AppDelegate.swift */,
				DFAD6DCE23F4798600DCC79D /* GameScene.swift */,
				DFAD6DD023F4798600DCC79D /* GameViewController.swift */,
				DFAD6DD223F4798600DCC79D /* Main.storyboard */,
				DFAD6DD523F4798800DCC79D /* Assets.xcassets */,
				DFAD6DD723F4798800DCC79D /* LaunchScreen.storyboard */,
				DFAD6DDA23F4798800DCC79D /* Info.plist */,
			);
			path = 8l_PerezhoginNikita;
			sourceTree = "<group>";
		};
/* End PBXGroup section */

/* Begin PBXNativeTarget section */
		DFAD6DC423F4798600DCC79D /* 8l_PerezhoginNikita */ = {
			isa = PBXNativeTarget;
			buildConfigurationList = DFAD6DDD23F4798800DCC79D /* Build configuration list for PBXNativeTarget "8l_PerezhoginNikita" */;
			buildPhases = (
				DFAD6DC123F4798600DCC79D /* Sources */,
				DFAD6DC223F4798600DCC79D /* Frameworks */,
				DFAD6DC323F4798600DCC79D /* Resources */,
			);
			buildRules = (
			);
			dependencies = (
			);
			name = 8l_PerezhoginNikita;
			productName = 8l_PerezhoginNikita;
			productReference = DFAD6DC523F4798600DCC79D /* 8l_PerezhoginNikita.app */;
			productType = "com.apple.product-type.application";
		};
/* End PBXNativeTarget section */

/* Begin PBXProject section */
		DFAD6DBD23F4798600DCC79D /* Project object */ = {
			isa = PBXProject;
			attributes = {
				LastSwiftUpdateCheck = 1130;
				LastUpgradeCheck = 1130;
				ORGANIZATIONNAME = n.perezhogin;
				TargetAttributes = {
					DFAD6DC423F4798600DCC79D = {
						CreatedOnToolsVersion = 11.3.1;
					};
				};
			};
			buildConfigurationList = DFAD6DC023F4798600DCC79D /* Build configuration list for PBXProject "8l_PerezhoginNikita" */;
			compatibilityVersion = "Xcode 9.3";
			developmentRegion = en;
			hasScannedForEncodings = 0;
			knownRegions = (
				en,
				Base,
			);
			mainGroup = DFAD6DBC23F4798600DCC79D;
			productRefGroup = DFAD6DC623F4798600DCC79D /* Products */;
			projectDirPath = "";
			projectRoot = "";
			targets = (
				DFAD6DC423F4798600DCC79D /* 8l_PerezhoginNikita */,
			);
		};
/* End PBXProject section */

/* Begin PBXResourcesBuildPhase section */
		DFAD6DC323F4798600DCC79D /* Resources */ = {
			isa = PBXResourcesBuildPhase;
			buildActionMask = 2147483647;
			files = (
				DFAD6DD423F4798600DCC79D /* Main.storyboard in Resources */,
				DFAD6DD623F4798800DCC79D /* Assets.xcassets in Resources */,
				DFAD6DD923F4798800DCC79D /* LaunchScreen.storyboard in Resources */,
			);
			runOnlyForDeploymentPostprocessing = 0;
		};
/* End PBXResourcesBuildPhase section */

/* Begin PBXSourcesBuildPhase section */
		DFAD6DC123F4798600DCC79D /* Sources */ = {
			isa = PBXSourcesBuildPhase;
			buildActionMask = 2147483647;
			files = (
				DFAD6DE523F47C2600DCC79D /* SnakeHead.swift in Sources */,
				DFAD6DE123F47B3F00DCC79D /* Apple.swift in Sources */,
				DFAD6DCF23F4798600DCC79D /* GameScene.swift in Sources */,
				DFAD6DD123F4798600DCC79D /* GameViewController.swift in Sources */,
				DFAD6DE323F47BF200DCC79D /* SnakeBodyPart.swift in Sources */,
				DFAD6DE723F47C4C00DCC79D /* Snake.swift in Sources */,
				DFAD6DC923F4798600DCC79D /* AppDelegate.swift in Sources */,
			);
			runOnlyForDeploymentPostprocessing = 0;
		};
/* End PBXSourcesBuildPhase section */

/* Begin PBXVariantGroup section */
		DFAD6DD223F4798600DCC79D /* Main.storyboard */ = {
			isa = PBXVariantGroup;
			children = (
				DFAD6DD323F4798600DCC79D /* Base */,
			);
			name = Main.storyboard;
			sourceTree = "<group>";
		};
		DFAD6DD723F4798800DCC79D /* LaunchScreen.storyboard */ = {
			isa = PBXVariantGroup;
			children = (
				DFAD6DD823F4798800DCC79D /* Base */,
			);
			name = LaunchScreen.storyboard;
			sourceTree = "<group>";
		};
/* End PBXVariantGroup section */

/* Begin XCBuildConfiguration section */
		DFAD6DDB23F4798800DCC79D /* Debug */ = {
			isa = XCBuildConfiguration;
			buildSettings = {
				ALWAYS_SEARCH_USER_PATHS = NO;
				CLANG_ANALYZER_NONNULL = YES;
				CLANG_ANALYZER_NUMBER_OBJECT_CONVERSION = YES_AGGRESSIVE;
				CLANG_CXX_LANGUAGE_STANDARD = "gnu++14";
				CLANG_CXX_LIBRARY = "libc++";
				CLANG_ENABLE_MODULES = YES;
				CLANG_ENABLE_OBJC_ARC = YES;
				CLANG_ENABLE_OBJC_WEAK = YES;
				CLANG_WARN_BLOCK_CAPTURE_AUTORELEASING = YES;
				CLANG_WARN_BOOL_CONVERSION = YES;
				CLANG_WARN_COMMA = YES;
				CLANG_WARN_CONSTANT_CONVERSION = YES;
				CLANG_WARN_DEPRECATED_OBJC_IMPLEMENTATIONS = YES;
				CLANG_WARN_DIRECT_OBJC_ISA_USAGE = YES_ERROR;
				CLANG_WARN_DOCUMENTATION_COMMENTS = YES;
				CLANG_WARN_EMPTY_BODY = YES;
				CLANG_WARN_ENUM_CONVERSION = YES;
				CLANG_WARN_INFINITE_RECURSION = YES;
				CLANG_WARN_INT_CONVERSION = YES;
				CLANG_WARN_NON_LITERAL_NULL_CONVERSION = YES;
				CLANG_WARN_OBJC_IMPLICIT_RETAIN_SELF = YES;
				CLANG_WARN_OBJC_LITERAL_CONVERSION = YES;
				CLANG_WARN_OBJC_ROOT_CLASS = YES_ERROR;
				CLANG_WARN_RANGE_LOOP_ANALYSIS = YES;
				CLANG_WARN_STRICT_PROTOTYPES = YES;
				CLANG_WARN_SUSPICIOUS_MOVE = YES;
				CLANG_WARN_UNGUARDED_AVAILABILITY = YES_AGGRESSIVE;
				CLANG_WARN_UNREACHABLE_CODE = YES;
				CLANG_WARN__DUPLICATE_METHOD_MATCH = YES;
				COPY_PHASE_STRIP = NO;
				DEBUG_INFORMATION_FORMAT = dwarf;
				ENABLE_STRICT_OBJC_MSGSEND = YES;
				ENABLE_TESTABILITY = YES;
				GCC_C_LANGUAGE_STANDARD = gnu11;
				GCC_DYNAMIC_NO_PIC = NO;
				GCC_NO_COMMON_BLOCKS = YES;
				GCC_OPTIMIZATION_LEVEL = 0;
				GCC_PREPROCESSOR_DEFINITIONS = (
					"DEBUG=1",
					"$(inherited)",
				);
				GCC_WARN_64_TO_32_BIT_CONVERSION = YES;
				GCC_WARN_ABOUT_RETURN_TYPE = YES_ERROR;
				GCC_WARN_UNDECLARED_SELECTOR = YES;
				GCC_WARN_UNINITIALIZED_AUTOS = YES_AGGRESSIVE;
				GCC_WARN_UNUSED_FUNCTION = YES;
				GCC_WARN_UNUSED_VARIABLE = YES;
				IPHONEOS_DEPLOYMENT_TARGET = 13.2;
				MTL_ENABLE_DEBUG_INFO = INCLUDE_SOURCE;
				MTL_FAST_MATH = YES;
				ONLY_ACTIVE_ARCH = YES;
				SDKROOT = iphoneos;
				SWIFT_ACTIVE_COMPILATION_CONDITIONS = DEBUG;
				SWIFT_OPTIMIZATION_LEVEL = "-Onone";
			};
			name = Debug;
		};
		DFAD6DDC23F4798800DCC79D /* Release */ = {
			isa = XCBuildConfiguration;
			buildSettings = {
				ALWAYS_SEARCH_USER_PATHS = NO;
				CLANG_ANALYZER_NONNULL = YES;
				CLANG_ANALYZER_NUMBER_OBJECT_CONVERSION = YES_AGGRESSIVE;
				CLANG_CXX_LANGUAGE_STANDARD = "gnu++14";
				CLANG_CXX_LIBRARY = "libc++";
				CLANG_ENABLE_MODULES = YES;
				CLANG_ENABLE_OBJC_ARC = YES;
				CLANG_ENABLE_OBJC_WEAK = YES;
				CLANG_WARN_BLOCK_CAPTURE_AUTORELEASING = YES;
				CLANG_WARN_BOOL_CONVERSION = YES;
				CLANG_WARN_COMMA = YES;
				CLANG_WARN_CONSTANT_CONVERSION = YES;
				CLANG_WARN_DEPRECATED_OBJC_IMPLEMENTATIONS = YES;
				CLANG_WARN_DIRECT_OBJC_ISA_USAGE = YES_ERROR;
				CLANG_WARN_DOCUMENTATION_COMMENTS = YES;
				CLANG_WARN_EMPTY_BODY = YES;
				CLANG_WARN_ENUM_CONVERSION = YES;
				CLANG_WARN_INFINITE_RECURSION = YES;
				CLANG_WARN_INT_CONVERSION = YES;
				CLANG_WARN_NON_LITERAL_NULL_CONVERSION = YES;
				CLANG_WARN_OBJC_IMPLICIT_RETAIN_SELF = YES;
				CLANG_WARN_OBJC_LITERAL_CONVERSION = YES;
				CLANG_WARN_OBJC_ROOT_CLASS = YES_ERROR;
				CLANG_WARN_RANGE_LOOP_ANALYSIS = YES;
				CLANG_WARN_STRICT_PROTOTYPES = YES;
				CLANG_WARN_SUSPICIOUS_MOVE = YES;
				CLANG_WARN_UNGUARDED_AVAILABILITY = YES_AGGRESSIVE;
				CLANG_WARN_UNREACHABLE_CODE = YES;
				CLANG_WARN__DUPLICATE_METHOD_MATCH = YES;
				COPY_PHASE_STRIP = NO;
				DEBUG_INFORMATION_FORMAT = "dwarf-with-dsym";
				ENABLE_NS_ASSERTIONS = NO;
				ENABLE_STRICT_OBJC_MSGSEND = YES;
				GCC_C_LANGUAGE_STANDARD = gnu11;
				GCC_NO_COMMON_BLOCKS = YES;
				GCC_WARN_64_TO_32_BIT_CONVERSION = YES;
				GCC_WARN_ABOUT_RETURN_TYPE = YES_ERROR;
				GCC_WARN_UNDECLARED_SELECTOR = YES;
				GCC_WARN_UNINITIALIZED_AUTOS = YES_AGGRESSIVE;
				GCC_WARN_UNUSED_FUNCTION = YES;
				GCC_WARN_UNUSED_VARIABLE = YES;
				IPHONEOS_DEPLOYMENT_TARGET = 13.2;
				MTL_ENABLE_DEBUG_INFO = NO;
				MTL_FAST_MATH = YES;
				SDKROOT = iphoneos;
				SWIFT_COMPILATION_MODE = wholemodule;
				SWIFT_OPTIMIZATION_LEVEL = "-O";
				VALIDATE_PRODUCT = YES;
			};
			name = Release;
		};
		DFAD6DDE23F4798800DCC79D /* Debug */ = {
			isa = XCBuildConfiguration;
			buildSettings = {
				ASSETCATALOG_COMPILER_APPICON_NAME = AppIcon;
				CODE_SIGN_STYLE = Automatic;
				DEVELOPMENT_TEAM = L2XU233WA6;
				INFOPLIST_FILE = 8l_PerezhoginNikita/Info.plist;
				LD_RUNPATH_SEARCH_PATHS = (
					"$(inherited)",
					"@executable_path/Frameworks",
				);
				PRODUCT_BUNDLE_IDENTIFIER = "n.perezhogin.-l-PerezhoginNikita";
				PRODUCT_NAME = "$(TARGET_NAME)";
				SWIFT_VERSION = 5.0;
				TARGETED_DEVICE_FAMILY = "1,2";
			};
			name = Debug;
		};
		DFAD6DDF23F4798800DCC79D /* Release */ = {
			isa = XCBuildConfiguration;
			buildSettings = {
				ASSETCATALOG_COMPILER_APPICON_NAME = AppIcon;
				CODE_SIGN_STYLE = Automatic;
				DEVELOPMENT_TEAM = L2XU233WA6;
				INFOPLIST_FILE = 8l_PerezhoginNikita/Info.plist;
				LD_RUNPATH_SEARCH_PATHS = (
					"$(inherited)",
					"@executable_path/Frameworks",
				);
				PRODUCT_BUNDLE_IDENTIFIER = "n.perezhogin.-l-PerezhoginNikita";
				PRODUCT_NAME = "$(TARGET_NAME)";
				SWIFT_VERSION = 5.0;
				TARGETED_DEVICE_FAMILY = "1,2";
			};
			name = Release;
		};
/* End XCBuildConfiguration section */

/* Begin XCConfigurationList section */
		DFAD6DC023F4798600DCC79D /* Build configuration list for PBXProject "8l_PerezhoginNikita" */ = {
			isa = XCConfigurationList;
			buildConfigurations = (
				DFAD6DDB23F4798800DCC79D /* Debug */,
				DFAD6DDC23F4798800DCC79D /* Release */,
			);
			defaultConfigurationIsVisible = 0;
			defaultConfigurationName = Release;
		};
		DFAD6DDD23F4798800DCC79D /* Build configuration list for PBXNativeTarget "8l_PerezhoginNikita" */ = {
			isa = XCConfigurationList;
			buildConfigurations = (
				DFAD6DDE23F4798800DCC79D /* Debug */,
				DFAD6DDF23F4798800DCC79D /* Release */,
			);
			defaultConfigurationIsVisible = 0;
			defaultConfigurationName = Release;
		};
/* End XCConfigurationList section */
	};
	rootObject = DFAD6DBD23F4798600DCC79D /* Project object */;
}
